{
  "version": 4,
  "terraform_version": "1.7.0",
  "serial": 12,
  "lineage": "37d80907-f51e-81b1-2b5f-fb6a981e5687",
  "outputs": {},
  "resources": [
    {
      "mode": "data",
      "type": "yandex_compute_image",
      "name": "my_image",
      "provider": "provider[\"registry.terraform.io/yandex-cloud/yandex\"]",
      "instances": [
        {
          "schema_version": 0,
          "attributes": {
            "created_at": "2024-01-17T11:26:00Z",
            "description": "Ubuntu 22.04 OsLogin",
            "family": "ubuntu-2204-lts-oslogin",
            "folder_id": "standard-images",
            "id": "fd8bu9gsckcm2351kqaq",
            "image_id": "fd8bu9gsckcm2351kqaq",
            "labels": {},
            "min_disk_size": 10,
            "name": "ubuntu-2204-lts-oslogin-v20240117",
            "os_type": "linux",
            "pooled": true,
            "product_ids": [
              "f2enmeob3apqiav2dd2l"
            ],
            "size": 7,
            "status": "ready"
          },
          "sensitive_attributes": []
        }
      ]
    },
    {
      "mode": "managed",
      "type": "yandex_compute_instance",
      "name": "vm",
      "provider": "provider[\"registry.terraform.io/yandex-cloud/yandex\"]",
      "instances": [
        {
          "schema_version": 1,
          "attributes": {
            "allow_recreate": null,
            "allow_stopping_for_update": true,
            "boot_disk": [
              {
                "auto_delete": true,
                "device_name": "fhmgk478fo52ie9iakf5",
                "disk_id": "fhmgk478fo52ie9iakf5",
                "initialize_params": [
                  {
                    "block_size": 4096,
                    "description": "",
                    "image_id": "fd8bu9gsckcm2351kqaq",
                    "name": "",
                    "size": 20,
                    "snapshot_id": "",
                    "type": "network-hdd"
                  }
                ],
                "mode": "READ_WRITE"
              }
            ],
            "created_at": "2024-02-01T10:59:08Z",
            "description": "",
            "filesystem": [],
            "folder_id": "b1gpnhho5vqgdin7nli5",
            "fqdn": "fhmd740l3o5qu4iljfg1.auto.internal",
            "gpu_cluster_id": "",
            "hostname": "",
            "id": "fhmd740l3o5qu4iljfg1",
            "labels": null,
            "local_disk": [],
            "maintenance_grace_period": "",
            "maintenance_policy": null,
            "metadata": {
              "user-data": "#cloud-config\nusers:\n- name: root1\n  sudo: ALL=(ALL) NOPASSWD:ALL\n  shell: /bin/bash\n  ssh_authorized_keys: ssh-rsa AAAAB3NzaC1yc2EAAAADAQABAAABgQC/3LmT/VbUt2EqZzImWXZYRtrEKkU5j6yf91e/VN43dZfsOAjCXfixSHK1ynIJwsNp2Iij+VAGoZ1SROi4QOlC87PH1VFptWjAL41HbTuMCeggVGcb0HAJP6DwOo0z3rO8ZCarClP3JPY/VFc8bPz+DTh5cRKRz+o3SFWMoF7hKOtCVydDo0t7OsY3QH4z7gHO1v1gCcqSFb/zlMRrMCkPrkpcD+XKUxofdn8YYUD0oK6q7xD/Az+eAoNvmUraFl6lBinlJRSUQT4WkEuPqZHdQx+uVkKe0/4v9gwYU+k/mv9hEr+7IpfmOMiJawVc8pkUVjaCacWKFK4jsjogYshgcMF0kB1/rK82OmJULnRoa/QMwagmuprLAtxuqC7CALU+uU2786TEbdj2GZIdPZtkfV0aUiu3OWhOwkgEHHMabCoyLVRpbPnMAT5fpfkygrEdxnjzEZSnNe7Q9Wiup6/JsRmzKCJ6tjoGjqurfGsWxYrm6pNi6/EgBp2wPt0/K2M= admin1@server\n"
            },
            "metadata_options": [
              {
                "aws_v1_http_endpoint": 1,
                "aws_v1_http_token": 2,
                "gce_http_endpoint": 1,
                "gce_http_token": 1
              }
            ],
            "name": "vm1",
            "network_acceleration_type": "standard",
            "network_interface": [
              {
                "dns_record": [],
                "index": 0,
                "ip_address": "10.10.10.14",
                "ipv4": true,
                "ipv6": false,
                "ipv6_address": "",
                "ipv6_dns_record": [],
                "mac_address": "d0:0d:d3:90:15:1e",
                "nat": true,
                "nat_dns_record": [],
                "nat_ip_address": "158.160.58.249",
                "nat_ip_version": "IPV4",
                "security_group_ids": [],
                "subnet_id": "e9bjcu8srfdcrn9s1go9"
              }
            ],
            "placement_policy": [
              {
                "host_affinity_rules": [],
                "placement_group_id": "",
                "placement_group_partition": 0
              }
            ],
            "platform_id": "standard-v1",
            "resources": [
              {
                "core_fraction": 20,
                "cores": 2,
                "gpus": 0,
                "memory": 2
              }
            ],
            "scheduling_policy": [
              {
                "preemptible": true
              }
            ],
            "secondary_disk": [],
            "service_account_id": "",
            "status": "running",
            "timeouts": null,
            "zone": "ru-central1-a"
          },
          "sensitive_attributes": [],
          "private": "eyJlMmJmYjczMC1lY2FhLTExZTYtOGY4OC0zNDM2M2JjN2M0YzAiOnsiY3JlYXRlIjozMDAwMDAwMDAwMDAsImRlbGV0ZSI6MzAwMDAwMDAwMDAwLCJ1cGRhdGUiOjMwMDAwMDAwMDAwMH0sInNjaGVtYV92ZXJzaW9uIjoiMSJ9",
          "dependencies": [
            "data.yandex_compute_image.my_image",
            "yandex_vpc_network.network1",
            "yandex_vpc_subnet.subnet1"
          ]
        }
      ]
    },
    {
      "mode": "managed",
      "type": "yandex_vpc_network",
      "name": "network1",
      "provider": "provider[\"registry.terraform.io/yandex-cloud/yandex\"]",
      "instances": [
        {
          "schema_version": 0,
          "attributes": {
            "created_at": "2024-02-01T10:55:56Z",
            "default_security_group_id": "enp7he68tkko82j5vapo",
            "description": "",
            "folder_id": "b1gpnhho5vqgdin7nli5",
            "id": "enpos8hsu15jiigf3ucd",
            "labels": {},
            "name": "Network Project",
            "subnet_ids": [
              "e9bjcu8srfdcrn9s1go9"
            ],
            "timeouts": null
          },
          "sensitive_attributes": [],
          "private": "eyJlMmJmYjczMC1lY2FhLTExZTYtOGY4OC0zNDM2M2JjN2M0YzAiOnsiY3JlYXRlIjo2MDAwMDAwMDAwMCwiZGVsZXRlIjo2MDAwMDAwMDAwMCwidXBkYXRlIjo2MDAwMDAwMDAwMH19"
        }
      ]
    },
    {
      "mode": "managed",
      "type": "yandex_vpc_subnet",
      "name": "subnet1",
      "provider": "provider[\"registry.terraform.io/yandex-cloud/yandex\"]",
      "instances": [
        {
          "schema_version": 0,
          "attributes": {
            "created_at": "2024-02-01T10:55:58Z",
            "description": "Subnet Project",
            "dhcp_options": [],
            "folder_id": "b1gpnhho5vqgdin7nli5",
            "id": "e9bjcu8srfdcrn9s1go9",
            "labels": {},
            "name": "",
            "network_id": "enpos8hsu15jiigf3ucd",
            "route_table_id": "",
            "timeouts": null,
            "v4_cidr_blocks": [
              "10.10.10.0/24"
            ],
            "v6_cidr_blocks": [],
            "zone": "ru-central1-a"
          },
          "sensitive_attributes": [],
          "private": "eyJlMmJmYjczMC1lY2FhLTExZTYtOGY4OC0zNDM2M2JjN2M0YzAiOnsiY3JlYXRlIjoxODAwMDAwMDAwMDAsImRlbGV0ZSI6MTgwMDAwMDAwMDAwLCJ1cGRhdGUiOjE4MDAwMDAwMDAwMH19",
          "dependencies": [
            "yandex_vpc_network.network1"
          ]
        }
      ]
    }
  ],
  "check_results": null
}
