{
  "version": 4,
  "terraform_version": "1.7.0",
  "serial": 19,
  "lineage": "c804113d-d028-b036-2947-afa2da358904",
  "outputs": {
    "lb_ip_address": {
      "value": [
        {
          "attached_target_group": [
            {
              "healthcheck": [
                {
                  "healthy_threshold": 2,
                  "http_options": [
                    {
                      "path": "/",
                      "port": 80
                    }
                  ],
                  "interval": 2,
                  "name": "http",
                  "tcp_options": [],
                  "timeout": 1,
                  "unhealthy_threshold": 2
                }
              ],
              "target_group_id": "enpc0j6g0uklmm0j0k9t"
            }
          ],
          "created_at": "2024-01-19T20:10:27Z",
          "deletion_protection": false,
          "description": "",
          "folder_id": "b1gpnhho5vqgdin7nli5",
          "id": "enpk0qranad59mjloche",
          "labels": {},
          "listener": [
            {
              "external_address_spec": [
                {
                  "address": "158.160.133.237",
                  "ip_version": "ipv4"
                }
              ],
              "internal_address_spec": [],
              "name": "listener-web-servers",
              "port": 80,
              "protocol": "tcp",
              "target_port": 80
            }
          ],
          "name": "lb-test",
          "region_id": "ru-central1",
          "timeouts": null,
          "type": "external"
        }
      ],
      "type": [
        "tuple",
        [
          [
            "object",
            {
              "attached_target_group": [
                "set",
                [
                  "object",
                  {
                    "healthcheck": [
                      "list",
                      [
                        "object",
                        {
                          "healthy_threshold": "number",
                          "http_options": [
                            "list",
                            [
                              "object",
                              {
                                "path": "string",
                                "port": "number"
                              }
                            ]
                          ],
                          "interval": "number",
                          "name": "string",
                          "tcp_options": [
                            "list",
                            [
                              "object",
                              {
                                "port": "number"
                              }
                            ]
                          ],
                          "timeout": "number",
                          "unhealthy_threshold": "number"
                        }
                      ]
                    ],
                    "target_group_id": "string"
                  }
                ]
              ],
              "created_at": "string",
              "deletion_protection": "bool",
              "description": "string",
              "folder_id": "string",
              "id": "string",
              "labels": [
                "map",
                "string"
              ],
              "listener": [
                "set",
                [
                  "object",
                  {
                    "external_address_spec": [
                      "set",
                      [
                        "object",
                        {
                          "address": "string",
                          "ip_version": "string"
                        }
                      ]
                    ],
                    "internal_address_spec": [
                      "set",
                      [
                        "object",
                        {
                          "address": "string",
                          "ip_version": "string",
                          "subnet_id": "string"
                        }
                      ]
                    ],
                    "name": "string",
                    "port": "number",
                    "protocol": "string",
                    "target_port": "number"
                  }
                ]
              ],
              "name": "string",
              "region_id": "string",
              "timeouts": [
                "object",
                {
                  "create": "string",
                  "delete": "string",
                  "update": "string"
                }
              ],
              "type": "string"
            }
          ]
        ]
      ]
    }
  },
  "resources": [
    {
      "mode": "managed",
      "type": "yandex_compute_instance",
      "name": "vm-1-nginx",
      "provider": "provider[\"registry.terraform.io/yandex-cloud/yandex\"]",
      "instances": [
        {
          "schema_version": 1,
          "attributes": {
            "allow_recreate": null,
            "allow_stopping_for_update": true,
            "boot_disk": [
              {
                "auto_delete": true,
                "device_name": "fhmo35sbaan2vjipsof4",
                "disk_id": "fhmo35sbaan2vjipsof4",
                "initialize_params": [
                  {
                    "block_size": 4096,
                    "description": "",
                    "image_id": "fd8vljd295nqdaoogf3g",
                    "name": "",
                    "size": 8,
                    "snapshot_id": "",
                    "type": "network-hdd"
                  }
                ],
                "mode": "READ_WRITE"
              }
            ],
            "created_at": "2024-01-19T20:02:52Z",
            "description": "",
            "filesystem": [],
            "folder_id": "b1gpnhho5vqgdin7nli5",
            "fqdn": "fhme8eigc3dk8hj0srek.auto.internal",
            "gpu_cluster_id": "",
            "hostname": "",
            "id": "fhme8eigc3dk8hj0srek",
            "labels": {},
            "local_disk": [],
            "maintenance_grace_period": "",
            "maintenance_policy": null,
            "metadata": {
              "user-data": "#cloud-config\nusers:\n  - name: userauto\n    groups: sudo\n    shell: /bin/bash\n    sudo: 'ALL=(ALL) NOPASSWD:ALL'\n    ssh-authorized-keys:\n      - ssh-rsa AAAAB3NzaC1yc2EAAAADAQABAAABgQC/3LmT/VbUt2EqZzImWXZYRtrEKkU5j6yf91e/VN43dZfsOAjCXfixSHK1ynIJwsNp2Iij+VAGoZ1SROi4QOlC87PH1VFptWjAL41HbTuMCeggVGcb0HAJP6DwOo0z3rO8ZCarClP3JPY/VFc8bPz+DTh5cRKRz+o3SFWMoF7hKOtCVydDo0t7OsY3QH4z7gHO1v1gCcqSFb/zlMRrMCkPrkpcD+XKUxofdn8YYUD0oK6q7xD/Az+eAoNvmUraFl6lBinlJRSUQT4WkEuPqZHdQx+uVkKe0/4v9gwYU+k/mv9hEr+7IpfmOMiJawVc8pkUVjaCacWKFK4jsjogYshgcMF0kB1/rK82OmJULnRoa/QMwagmuprLAtxuqC7CALU+uU2786TEbdj2GZIdPZtkfV0aUiu3OWhOwkgEHHMabCoyLVRpbPnMAT5fpfkygrEdxnjzEZSnNe7Q9Wiup6/JsRmzKCJ6tjoGjqurfGsWxYrm6pNi6/EgBp2wPt0/K2M= admin1@server\n      \n    \n"
            },
            "metadata_options": [
              {
                "aws_v1_http_endpoint": 1,
                "aws_v1_http_token": 2,
                "gce_http_endpoint": 1,
                "gce_http_token": 1
              }
            ],
            "name": "server-nginx",
            "network_acceleration_type": "standard",
            "network_interface": [
              {
                "dns_record": [],
                "index": 0,
                "ip_address": "10.10.10.14",
                "ipv4": true,
                "ipv6": false,
                "ipv6_address": "",
                "ipv6_dns_record": [],
                "mac_address": "d0:0d:e4:3a:50:60",
                "nat": true,
                "nat_dns_record": [],
                "nat_ip_address": "84.201.135.146",
                "nat_ip_version": "IPV4",
                "security_group_ids": [],
                "subnet_id": "e9brth72vtje5mutggbr"
              }
            ],
            "placement_policy": [
              {
                "host_affinity_rules": [],
                "placement_group_id": ""
              }
            ],
            "platform_id": "standard-v1",
            "resources": [
              {
                "core_fraction": 20,
                "cores": 2,
                "gpus": 0,
                "memory": 2
              }
            ],
            "scheduling_policy": [
              {
                "preemptible": true
              }
            ],
            "secondary_disk": [],
            "service_account_id": "",
            "status": "running",
            "timeouts": null,
            "zone": "ru-central1-a"
          },
          "sensitive_attributes": [],
          "private": "eyJlMmJmYjczMC1lY2FhLTExZTYtOGY4OC0zNDM2M2JjN2M0YzAiOnsiY3JlYXRlIjozMDAwMDAwMDAwMDAsImRlbGV0ZSI6MzAwMDAwMDAwMDAwLCJ1cGRhdGUiOjMwMDAwMDAwMDAwMH0sInNjaGVtYV92ZXJzaW9uIjoiMSJ9",
          "dependencies": [
            "yandex_vpc_network.network_terraform",
            "yandex_vpc_subnet.subnet_terraform"
          ]
        }
      ]
    },
    {
      "mode": "managed",
      "type": "yandex_compute_instance",
      "name": "vm-2-apache",
      "provider": "provider[\"registry.terraform.io/yandex-cloud/yandex\"]",
      "instances": [
        {
          "schema_version": 1,
          "attributes": {
            "allow_recreate": null,
            "allow_stopping_for_update": true,
            "boot_disk": [
              {
                "auto_delete": true,
                "device_name": "fhms1nfgbfabptkpc7jf",
                "disk_id": "fhms1nfgbfabptkpc7jf",
                "initialize_params": [
                  {
                    "block_size": 4096,
                    "description": "",
                    "image_id": "fd8vljd295nqdaoogf3g",
                    "name": "",
                    "size": 8,
                    "snapshot_id": "",
                    "type": "network-hdd"
                  }
                ],
                "mode": "READ_WRITE"
              }
            ],
            "created_at": "2024-01-19T20:04:54Z",
            "description": "",
            "filesystem": [],
            "folder_id": "b1gpnhho5vqgdin7nli5",
            "fqdn": "fhmj07jjusp8154hsg1s.auto.internal",
            "gpu_cluster_id": "",
            "hostname": "",
            "id": "fhmj07jjusp8154hsg1s",
            "labels": {},
            "local_disk": [],
            "maintenance_grace_period": "",
            "maintenance_policy": null,
            "metadata": {
              "user-data": "#cloud-config\nusers:\n  - name: userauto\n    groups: sudo\n    shell: /bin/bash\n    sudo: 'ALL=(ALL) NOPASSWD:ALL'\n    ssh-authorized-keys:\n      - ssh-rsa AAAAB3NzaC1yc2EAAAADAQABAAABgQC/3LmT/VbUt2EqZzImWXZYRtrEKkU5j6yf91e/VN43dZfsOAjCXfixSHK1ynIJwsNp2Iij+VAGoZ1SROi4QOlC87PH1VFptWjAL41HbTuMCeggVGcb0HAJP6DwOo0z3rO8ZCarClP3JPY/VFc8bPz+DTh5cRKRz+o3SFWMoF7hKOtCVydDo0t7OsY3QH4z7gHO1v1gCcqSFb/zlMRrMCkPrkpcD+XKUxofdn8YYUD0oK6q7xD/Az+eAoNvmUraFl6lBinlJRSUQT4WkEuPqZHdQx+uVkKe0/4v9gwYU+k/mv9hEr+7IpfmOMiJawVc8pkUVjaCacWKFK4jsjogYshgcMF0kB1/rK82OmJULnRoa/QMwagmuprLAtxuqC7CALU+uU2786TEbdj2GZIdPZtkfV0aUiu3OWhOwkgEHHMabCoyLVRpbPnMAT5fpfkygrEdxnjzEZSnNe7Q9Wiup6/JsRmzKCJ6tjoGjqurfGsWxYrm6pNi6/EgBp2wPt0/K2M= admin1@server\n      \n    \n"
            },
            "metadata_options": [
              {
                "aws_v1_http_endpoint": 1,
                "aws_v1_http_token": 2,
                "gce_http_endpoint": 1,
                "gce_http_token": 1
              }
            ],
            "name": "server-apace",
            "network_acceleration_type": "standard",
            "network_interface": [
              {
                "dns_record": [],
                "index": 0,
                "ip_address": "10.10.10.8",
                "ipv4": true,
                "ipv6": false,
                "ipv6_address": "",
                "ipv6_dns_record": [],
                "mac_address": "d0:0d:13:01:e7:3f",
                "nat": true,
                "nat_dns_record": [],
                "nat_ip_address": "84.252.129.158",
                "nat_ip_version": "IPV4",
                "security_group_ids": [],
                "subnet_id": "e9brth72vtje5mutggbr"
              }
            ],
            "placement_policy": [
              {
                "host_affinity_rules": [],
                "placement_group_id": ""
              }
            ],
            "platform_id": "standard-v1",
            "resources": [
              {
                "core_fraction": 20,
                "cores": 2,
                "gpus": 0,
                "memory": 2
              }
            ],
            "scheduling_policy": [
              {
                "preemptible": true
              }
            ],
            "secondary_disk": [],
            "service_account_id": "",
            "status": "running",
            "timeouts": null,
            "zone": "ru-central1-a"
          },
          "sensitive_attributes": [],
          "private": "eyJlMmJmYjczMC1lY2FhLTExZTYtOGY4OC0zNDM2M2JjN2M0YzAiOnsiY3JlYXRlIjozMDAwMDAwMDAwMDAsImRlbGV0ZSI6MzAwMDAwMDAwMDAwLCJ1cGRhdGUiOjMwMDAwMDAwMDAwMH0sInNjaGVtYV92ZXJzaW9uIjoiMSJ9",
          "dependencies": [
            "yandex_vpc_network.network_terraform",
            "yandex_vpc_subnet.subnet_terraform"
          ]
        }
      ]
    },
    {
      "mode": "managed",
      "type": "yandex_lb_network_load_balancer",
      "name": "lb-test",
      "provider": "provider[\"registry.terraform.io/yandex-cloud/yandex\"]",
      "instances": [
        {
          "schema_version": 0,
          "attributes": {
            "attached_target_group": [
              {
                "healthcheck": [
                  {
                    "healthy_threshold": 2,
                    "http_options": [
                      {
                        "path": "/",
                        "port": 80
                      }
                    ],
                    "interval": 2,
                    "name": "http",
                    "tcp_options": [],
                    "timeout": 1,
                    "unhealthy_threshold": 2
                  }
                ],
                "target_group_id": "enpc0j6g0uklmm0j0k9t"
              }
            ],
            "created_at": "2024-01-19T20:10:27Z",
            "deletion_protection": false,
            "description": "",
            "folder_id": "b1gpnhho5vqgdin7nli5",
            "id": "enpk0qranad59mjloche",
            "labels": {},
            "listener": [
              {
                "external_address_spec": [
                  {
                    "address": "158.160.133.237",
                    "ip_version": "ipv4"
                  }
                ],
                "internal_address_spec": [],
                "name": "listener-web-servers",
                "port": 80,
                "protocol": "tcp",
                "target_port": 80
              }
            ],
            "name": "lb-test",
            "region_id": "ru-central1",
            "timeouts": null,
            "type": "external"
          },
          "sensitive_attributes": [],
          "private": "eyJlMmJmYjczMC1lY2FhLTExZTYtOGY4OC0zNDM2M2JjN2M0YzAiOnsiY3JlYXRlIjozMDAwMDAwMDAwMDAsImRlbGV0ZSI6MzAwMDAwMDAwMDAwLCJ1cGRhdGUiOjMwMDAwMDAwMDAwMH19",
          "dependencies": [
            "yandex_compute_instance.vm-1-nginx",
            "yandex_compute_instance.vm-2-apache",
            "yandex_lb_target_group.web-servers",
            "yandex_vpc_network.network_terraform",
            "yandex_vpc_subnet.subnet_terraform"
          ]
        }
      ]
    },
    {
      "mode": "managed",
      "type": "yandex_lb_target_group",
      "name": "web-servers",
      "provider": "provider[\"registry.terraform.io/yandex-cloud/yandex\"]",
      "instances": [
        {
          "schema_version": 0,
          "attributes": {
            "created_at": "2024-01-19T20:10:26Z",
            "description": "",
            "folder_id": "b1gpnhho5vqgdin7nli5",
            "id": "enpc0j6g0uklmm0j0k9t",
            "labels": {},
            "name": "web-servers-target-group",
            "region_id": "ru-central1",
            "target": [
              {
                "address": "10.10.10.14",
                "subnet_id": "e9brth72vtje5mutggbr"
              },
              {
                "address": "10.10.10.8",
                "subnet_id": "e9brth72vtje5mutggbr"
              }
            ],
            "timeouts": null
          },
          "sensitive_attributes": [],
          "private": "eyJlMmJmYjczMC1lY2FhLTExZTYtOGY4OC0zNDM2M2JjN2M0YzAiOnsiY3JlYXRlIjozMDAwMDAwMDAwMDAsImRlbGV0ZSI6MzAwMDAwMDAwMDAwLCJ1cGRhdGUiOjMwMDAwMDAwMDAwMH19",
          "dependencies": [
            "yandex_compute_instance.vm-1-nginx",
            "yandex_compute_instance.vm-2-apache",
            "yandex_vpc_network.network_terraform",
            "yandex_vpc_subnet.subnet_terraform"
          ]
        }
      ]
    },
    {
      "mode": "managed",
      "type": "yandex_vpc_network",
      "name": "network_terraform",
      "provider": "provider[\"registry.terraform.io/yandex-cloud/yandex\"]",
      "instances": [
        {
          "schema_version": 0,
          "attributes": {
            "created_at": "2024-01-19T20:02:49Z",
            "default_security_group_id": "enpeps4fddg9bjolf99k",
            "description": "",
            "folder_id": "b1gpnhho5vqgdin7nli5",
            "id": "enphovbqo2k4elate5h4",
            "labels": {},
            "name": "network_terraform",
            "subnet_ids": [
              "e9brth72vtje5mutggbr"
            ],
            "timeouts": null
          },
          "sensitive_attributes": [],
          "private": "eyJlMmJmYjczMC1lY2FhLTExZTYtOGY4OC0zNDM2M2JjN2M0YzAiOnsiY3JlYXRlIjo2MDAwMDAwMDAwMCwiZGVsZXRlIjo2MDAwMDAwMDAwMCwidXBkYXRlIjo2MDAwMDAwMDAwMH19"
        }
      ]
    },
    {
      "mode": "managed",
      "type": "yandex_vpc_subnet",
      "name": "subnet_terraform",
      "provider": "provider[\"registry.terraform.io/yandex-cloud/yandex\"]",
      "instances": [
        {
          "schema_version": 0,
          "attributes": {
            "created_at": "2024-01-19T20:02:51Z",
            "description": "",
            "dhcp_options": [],
            "folder_id": "b1gpnhho5vqgdin7nli5",
            "id": "e9brth72vtje5mutggbr",
            "labels": {},
            "name": "subnet_terraform",
            "network_id": "enphovbqo2k4elate5h4",
            "route_table_id": "",
            "timeouts": null,
            "v4_cidr_blocks": [
              "10.10.10.0/24"
            ],
            "v6_cidr_blocks": [],
            "zone": "ru-central1-a"
          },
          "sensitive_attributes": [],
          "private": "eyJlMmJmYjczMC1lY2FhLTExZTYtOGY4OC0zNDM2M2JjN2M0YzAiOnsiY3JlYXRlIjoxODAwMDAwMDAwMDAsImRlbGV0ZSI6MTgwMDAwMDAwMDAwLCJ1cGRhdGUiOjE4MDAwMDAwMDAwMH19",
          "dependencies": [
            "yandex_vpc_network.network_terraform"
          ]
        }
      ]
    }
  ],
  "check_results": null
}
